// !$*UTF8*$!
{
	archiveVersion = 1;
	classes = {
	};
	objectVersion = 56;
	objects = {

/* Begin PBXBuildFile section */
		69DAE8976DC30752BB5A7A43 /* Pods_TinderApp.framework in Frameworks */ = {isa = PBXBuildFile; fileRef = 3BAE78E2E74116F99D8AD18A /* Pods_TinderApp.framework */; };
		AB565DDF2957073A002668CA /* SettingsCell.swift in Sources */ = {isa = PBXBuildFile; fileRef = AB565DDE2957073A002668CA /* SettingsCell.swift */; };
		AB64BE842954F46B00D6BE86 /* RegistrationController.swift in Sources */ = {isa = PBXBuildFile; fileRef = AB64BE832954F46B00D6BE86 /* RegistrationController.swift */; };
		AB64BE862954FAD600D6BE86 /* CustomTextField.swift in Sources */ = {isa = PBXBuildFile; fileRef = AB64BE852954FAD600D6BE86 /* CustomTextField.swift */; };
		AB68CC962953236800AE188B /* AppDelegate.swift in Sources */ = {isa = PBXBuildFile; fileRef = AB68CC952953236800AE188B /* AppDelegate.swift */; };
		AB68CC982953236800AE188B /* SceneDelegate.swift in Sources */ = {isa = PBXBuildFile; fileRef = AB68CC972953236800AE188B /* SceneDelegate.swift */; };
		AB68CC9A2953236800AE188B /* HomeController.swift in Sources */ = {isa = PBXBuildFile; fileRef = AB68CC992953236800AE188B /* HomeController.swift */; };
		AB68CC9D2953236800AE188B /* Main.storyboard in Resources */ = {isa = PBXBuildFile; fileRef = AB68CC9B2953236800AE188B /* Main.storyboard */; };
		AB68CC9F2953236900AE188B /* Assets.xcassets in Resources */ = {isa = PBXBuildFile; fileRef = AB68CC9E2953236900AE188B /* Assets.xcassets */; };
		AB68CCA22953236900AE188B /* LaunchScreen.storyboard in Resources */ = {isa = PBXBuildFile; fileRef = AB68CCA02953236900AE188B /* LaunchScreen.storyboard */; };
		AB68CCAC2953260B00AE188B /* Extensions+UIView.swift in Sources */ = {isa = PBXBuildFile; fileRef = AB68CCAB2953260B00AE188B /* Extensions+UIView.swift */; };
		AB68CCAF29532ED200AE188B /* HomeBottomControlsStackView.swift in Sources */ = {isa = PBXBuildFile; fileRef = AB68CCAE29532ED200AE188B /* HomeBottomControlsStackView.swift */; };
		AB68CCB12953334400AE188B /* TopNavigationStackView.swift in Sources */ = {isa = PBXBuildFile; fileRef = AB68CCB02953334400AE188B /* TopNavigationStackView.swift */; };
		AB68CCB329533B2D00AE188B /* CardView.swift in Sources */ = {isa = PBXBuildFile; fileRef = AB68CCB229533B2D00AE188B /* CardView.swift */; };
		AB68CCB629535D9700AE188B /* User.swift in Sources */ = {isa = PBXBuildFile; fileRef = AB68CCB529535D9700AE188B /* User.swift */; };
		AB68CCBA295367BB00AE188B /* CardViewModel.swift in Sources */ = {isa = PBXBuildFile; fileRef = AB68CCB9295367BB00AE188B /* CardViewModel.swift */; };
		AB68CCBC2953716500AE188B /* Advertiser.swift in Sources */ = {isa = PBXBuildFile; fileRef = AB68CCBB2953716500AE188B /* Advertiser.swift */; };
		AB6D049429599A4100949225 /* MatchView.swift in Sources */ = {isa = PBXBuildFile; fileRef = AB6D049329599A4100949225 /* MatchView.swift */; };
		AB6D04962959B00500949225 /* SendMessageButton.swift in Sources */ = {isa = PBXBuildFile; fileRef = AB6D04952959B00500949225 /* SendMessageButton.swift */; };
		AB6D04982959B37200949225 /* KeepSwipingButton.swift in Sources */ = {isa = PBXBuildFile; fileRef = AB6D04972959B37200949225 /* KeepSwipingButton.swift */; };
		AB8E70022955E38B0052BEA8 /* GoogleService-Info.plist in Resources */ = {isa = PBXBuildFile; fileRef = AB8E70012955E38B0052BEA8 /* GoogleService-Info.plist */; };
		ABC1E9EE295735E4009CCEE2 /* AgeRangeCell.swift in Sources */ = {isa = PBXBuildFile; fileRef = ABC1E9ED295735E4009CCEE2 /* AgeRangeCell.swift */; };
		ABC1E9F029575ABE009CCEE2 /* Firebase+Utils.swift in Sources */ = {isa = PBXBuildFile; fileRef = ABC1E9EF29575ABE009CCEE2 /* Firebase+Utils.swift */; };
		ABC1E9F4295782A7009CCEE2 /* LoginController.swift in Sources */ = {isa = PBXBuildFile; fileRef = ABC1E9F2295782A6009CCEE2 /* LoginController.swift */; };
		ABC1E9F5295782A7009CCEE2 /* LoginViewModel.swift in Sources */ = {isa = PBXBuildFile; fileRef = ABC1E9F3295782A7009CCEE2 /* LoginViewModel.swift */; };
		ABC1E9F829579A08009CCEE2 /* UserDetailsController.swift in Sources */ = {isa = PBXBuildFile; fileRef = ABC1E9F729579A08009CCEE2 /* UserDetailsController.swift */; };
		ABDA6C19295879EA00B8F1C8 /* SwipingPhotosController.swift in Sources */ = {isa = PBXBuildFile; fileRef = ABDA6C18295879EA00B8F1C8 /* SwipingPhotosController.swift */; };
		ABDA6C1C2958A33D00B8F1C8 /* PhotoController.swift in Sources */ = {isa = PBXBuildFile; fileRef = ABDA6C1B2958A33D00B8F1C8 /* PhotoController.swift */; };
		ABE24B122955F64C0079D7CC /* Bindable.swift in Sources */ = {isa = PBXBuildFile; fileRef = ABE24B112955F64C0079D7CC /* Bindable.swift */; };
		ABE24B14295664540079D7CC /* SettingsController.swift in Sources */ = {isa = PBXBuildFile; fileRef = ABE24B13295664540079D7CC /* SettingsController.swift */; };
		ABF93A002955CA4E009D8BED /* RegistrationViewModel.swift in Sources */ = {isa = PBXBuildFile; fileRef = ABF939FF2955CA4E009D8BED /* RegistrationViewModel.swift */; };
/* End PBXBuildFile section */

/* Begin PBXFileReference section */
		3BAE78E2E74116F99D8AD18A /* Pods_TinderApp.framework */ = {isa = PBXFileReference; explicitFileType = wrapper.framework; includeInIndex = 0; path = Pods_TinderApp.framework; sourceTree = BUILT_PRODUCTS_DIR; };
		8A3E9108A5D38A6C1F4F8EDE /* Pods-TinderApp.release.xcconfig */ = {isa = PBXFileReference; includeInIndex = 1; lastKnownFileType = text.xcconfig; name = "Pods-TinderApp.release.xcconfig"; path = "Target Support Files/Pods-TinderApp/Pods-TinderApp.release.xcconfig"; sourceTree = "<group>"; };
		AB565DDE2957073A002668CA /* SettingsCell.swift */ = {isa = PBXFileReference; lastKnownFileType = sourcecode.swift; path = SettingsCell.swift; sourceTree = "<group>"; };
		AB64BE832954F46B00D6BE86 /* RegistrationController.swift */ = {isa = PBXFileReference; lastKnownFileType = sourcecode.swift; path = RegistrationController.swift; sourceTree = "<group>"; };
		AB64BE852954FAD600D6BE86 /* CustomTextField.swift */ = {isa = PBXFileReference; lastKnownFileType = sourcecode.swift; path = CustomTextField.swift; sourceTree = "<group>"; };
		AB68CC922953236800AE188B /* TinderApp.app */ = {isa = PBXFileReference; explicitFileType = wrapper.application; includeInIndex = 0; path = TinderApp.app; sourceTree = BUILT_PRODUCTS_DIR; };
		AB68CC952953236800AE188B /* AppDelegate.swift */ = {isa = PBXFileReference; lastKnownFileType = sourcecode.swift; path = AppDelegate.swift; sourceTree = "<group>"; };
		AB68CC972953236800AE188B /* SceneDelegate.swift */ = {isa = PBXFileReference; lastKnownFileType = sourcecode.swift; path = SceneDelegate.swift; sourceTree = "<group>"; };
		AB68CC992953236800AE188B /* HomeController.swift */ = {isa = PBXFileReference; lastKnownFileType = sourcecode.swift; path = HomeController.swift; sourceTree = "<group>"; };
		AB68CC9C2953236800AE188B /* Base */ = {isa = PBXFileReference; lastKnownFileType = file.storyboard; name = Base; path = Base.lproj/Main.storyboard; sourceTree = "<group>"; };
		AB68CC9E2953236900AE188B /* Assets.xcassets */ = {isa = PBXFileReference; lastKnownFileType = folder.assetcatalog; path = Assets.xcassets; sourceTree = "<group>"; };
		AB68CCA12953236900AE188B /* Base */ = {isa = PBXFileReference; lastKnownFileType = file.storyboard; name = Base; path = Base.lproj/LaunchScreen.storyboard; sourceTree = "<group>"; };
		AB68CCA32953236900AE188B /* Info.plist */ = {isa = PBXFileReference; lastKnownFileType = text.plist.xml; path = Info.plist; sourceTree = "<group>"; };
		AB68CCAB2953260B00AE188B /* Extensions+UIView.swift */ = {isa = PBXFileReference; fileEncoding = 4; lastKnownFileType = sourcecode.swift; path = "Extensions+UIView.swift"; sourceTree = "<group>"; };
		AB68CCAE29532ED200AE188B /* HomeBottomControlsStackView.swift */ = {isa = PBXFileReference; lastKnownFileType = sourcecode.swift; path = HomeBottomControlsStackView.swift; sourceTree = "<group>"; };
		AB68CCB02953334400AE188B /* TopNavigationStackView.swift */ = {isa = PBXFileReference; lastKnownFileType = sourcecode.swift; path = TopNavigationStackView.swift; sourceTree = "<group>"; };
		AB68CCB229533B2D00AE188B /* CardView.swift */ = {isa = PBXFileReference; lastKnownFileType = sourcecode.swift; path = CardView.swift; sourceTree = "<group>"; };
		AB68CCB529535D9700AE188B /* User.swift */ = {isa = PBXFileReference; lastKnownFileType = sourcecode.swift; path = User.swift; sourceTree = "<group>"; };
		AB68CCB9295367BB00AE188B /* CardViewModel.swift */ = {isa = PBXFileReference; lastKnownFileType = sourcecode.swift; path = CardViewModel.swift; sourceTree = "<group>"; };
		AB68CCBB2953716500AE188B /* Advertiser.swift */ = {isa = PBXFileReference; lastKnownFileType = sourcecode.swift; path = Advertiser.swift; sourceTree = "<group>"; };
		AB6D049329599A4100949225 /* MatchView.swift */ = {isa = PBXFileReference; lastKnownFileType = sourcecode.swift; path = MatchView.swift; sourceTree = "<group>"; };
		AB6D04952959B00500949225 /* SendMessageButton.swift */ = {isa = PBXFileReference; lastKnownFileType = sourcecode.swift; path = SendMessageButton.swift; sourceTree = "<group>"; };
		AB6D04972959B37200949225 /* KeepSwipingButton.swift */ = {isa = PBXFileReference; lastKnownFileType = sourcecode.swift; path = KeepSwipingButton.swift; sourceTree = "<group>"; };
		AB8E70012955E38B0052BEA8 /* GoogleService-Info.plist */ = {isa = PBXFileReference; fileEncoding = 4; lastKnownFileType = text.plist.xml; path = "GoogleService-Info.plist"; sourceTree = "<group>"; };
		ABC1E9ED295735E4009CCEE2 /* AgeRangeCell.swift */ = {isa = PBXFileReference; lastKnownFileType = sourcecode.swift; path = AgeRangeCell.swift; sourceTree = "<group>"; };
		ABC1E9EF29575ABE009CCEE2 /* Firebase+Utils.swift */ = {isa = PBXFileReference; lastKnownFileType = sourcecode.swift; path = "Firebase+Utils.swift"; sourceTree = "<group>"; };
		ABC1E9F2295782A6009CCEE2 /* LoginController.swift */ = {isa = PBXFileReference; fileEncoding = 4; lastKnownFileType = sourcecode.swift; path = LoginController.swift; sourceTree = "<group>"; };
		ABC1E9F3295782A7009CCEE2 /* LoginViewModel.swift */ = {isa = PBXFileReference; fileEncoding = 4; lastKnownFileType = sourcecode.swift; path = LoginViewModel.swift; sourceTree = "<group>"; };
		ABC1E9F729579A08009CCEE2 /* UserDetailsController.swift */ = {isa = PBXFileReference; lastKnownFileType = sourcecode.swift; path = UserDetailsController.swift; sourceTree = "<group>"; };
		ABDA6C18295879EA00B8F1C8 /* SwipingPhotosController.swift */ = {isa = PBXFileReference; lastKnownFileType = sourcecode.swift; path = SwipingPhotosController.swift; sourceTree = "<group>"; };
		ABDA6C1B2958A33D00B8F1C8 /* PhotoController.swift */ = {isa = PBXFileReference; lastKnownFileType = sourcecode.swift; path = PhotoController.swift; sourceTree = "<group>"; };
		ABE24B112955F64C0079D7CC /* Bindable.swift */ = {isa = PBXFileReference; lastKnownFileType = sourcecode.swift; path = Bindable.swift; sourceTree = "<group>"; };
		ABE24B13295664540079D7CC /* SettingsController.swift */ = {isa = PBXFileReference; lastKnownFileType = sourcecode.swift; path = SettingsController.swift; sourceTree = "<group>"; };
		ABF939FF2955CA4E009D8BED /* RegistrationViewModel.swift */ = {isa = PBXFileReference; lastKnownFileType = sourcecode.swift; path = RegistrationViewModel.swift; sourceTree = "<group>"; };
		E2560BF847434B8583BAA38D /* Pods-TinderApp.debug.xcconfig */ = {isa = PBXFileReference; includeInIndex = 1; lastKnownFileType = text.xcconfig; name = "Pods-TinderApp.debug.xcconfig"; path = "Target Support Files/Pods-TinderApp/Pods-TinderApp.debug.xcconfig"; sourceTree = "<group>"; };
/* End PBXFileReference section */

/* Begin PBXFrameworksBuildPhase section */
		AB68CC8F2953236800AE188B /* Frameworks */ = {
			isa = PBXFrameworksBuildPhase;
			buildActionMask = 2147483647;
			files = (
				69DAE8976DC30752BB5A7A43 /* Pods_TinderApp.framework in Frameworks */,
			);
			runOnlyForDeploymentPostprocessing = 0;
		};
/* End PBXFrameworksBuildPhase section */

/* Begin PBXGroup section */
		47E63246D05DFEA4DF837B3D /* Pods */ = {
			isa = PBXGroup;
			children = (
				E2560BF847434B8583BAA38D /* Pods-TinderApp.debug.xcconfig */,
				8A3E9108A5D38A6C1F4F8EDE /* Pods-TinderApp.release.xcconfig */,
			);
			path = Pods;
			sourceTree = "<group>";
		};
		AB68CC892953236800AE188B = {
			isa = PBXGroup;
			children = (
				AB68CC942953236800AE188B /* TinderApp */,
				AB68CC932953236800AE188B /* Products */,
				47E63246D05DFEA4DF837B3D /* Pods */,
				E7DA7B9CD77E544EF0F1C88A /* Frameworks */,
			);
			sourceTree = "<group>";
		};
		AB68CC932953236800AE188B /* Products */ = {
			isa = PBXGroup;
			children = (
				AB68CC922953236800AE188B /* TinderApp.app */,
			);
			name = Products;
			sourceTree = "<group>";
		};
		AB68CC942953236800AE188B /* TinderApp */ = {
			isa = PBXGroup;
			children = (
				AB68CCB8295367AF00AE188B /* ViewModels */,
				AB68CCB429535D8A00AE188B /* Model */,
				AB68CCAD29532EA800AE188B /* Views */,
				AB68CCB72953671600AE188B /* Controllers */,
				AB68CCAA2953260B00AE188B /* Extensions */,
				AB68CC952953236800AE188B /* AppDelegate.swift */,
				AB68CC972953236800AE188B /* SceneDelegate.swift */,
				AB68CC9B2953236800AE188B /* Main.storyboard */,
				AB8E70012955E38B0052BEA8 /* GoogleService-Info.plist */,
				AB68CC9E2953236900AE188B /* Assets.xcassets */,
				AB68CCA02953236900AE188B /* LaunchScreen.storyboard */,
				AB68CCA32953236900AE188B /* Info.plist */,
			);
			path = TinderApp;
			sourceTree = "<group>";
		};
		AB68CCAA2953260B00AE188B /* Extensions */ = {
			isa = PBXGroup;
			children = (
				AB68CCAB2953260B00AE188B /* Extensions+UIView.swift */,
				ABC1E9EF29575ABE009CCEE2 /* Firebase+Utils.swift */,
			);
			path = Extensions;
			sourceTree = "<group>";
		};
		AB68CCAD29532EA800AE188B /* Views */ = {
			isa = PBXGroup;
			children = (
				AB68CCB02953334400AE188B /* TopNavigationStackView.swift */,
				AB68CCAE29532ED200AE188B /* HomeBottomControlsStackView.swift */,
				AB68CCB229533B2D00AE188B /* CardView.swift */,
				AB64BE852954FAD600D6BE86 /* CustomTextField.swift */,
				AB565DDE2957073A002668CA /* SettingsCell.swift */,
				ABC1E9ED295735E4009CCEE2 /* AgeRangeCell.swift */,
				AB6D049329599A4100949225 /* MatchView.swift */,
				AB6D04952959B00500949225 /* SendMessageButton.swift */,
				AB6D04972959B37200949225 /* KeepSwipingButton.swift */,
			);
			path = Views;
			sourceTree = "<group>";
		};
		AB68CCB429535D8A00AE188B /* Model */ = {
			isa = PBXGroup;
			children = (
				AB68CCB529535D9700AE188B /* User.swift */,
				AB68CCBB2953716500AE188B /* Advertiser.swift */,
			);
			path = Model;
			sourceTree = "<group>";
		};
		AB68CCB72953671600AE188B /* Controllers */ = {
			isa = PBXGroup;
			children = (
				ABC1E9F6295799D9009CCEE2 /* User Details */,
				ABC1E9F129578241009CCEE2 /* Login */,
				AB68CC992953236800AE188B /* HomeController.swift */,
				AB64BE832954F46B00D6BE86 /* RegistrationController.swift */,
				ABF939FF2955CA4E009D8BED /* RegistrationViewModel.swift */,
				ABE24B112955F64C0079D7CC /* Bindable.swift */,
				ABE24B13295664540079D7CC /* SettingsController.swift */,
			);
			path = Controllers;
			sourceTree = "<group>";
		};
		AB68CCB8295367AF00AE188B /* ViewModels */ = {
			isa = PBXGroup;
			children = (
				AB68CCB9295367BB00AE188B /* CardViewModel.swift */,
			);
			path = ViewModels;
			sourceTree = "<group>";
		};
		ABC1E9F129578241009CCEE2 /* Login */ = {
			isa = PBXGroup;
			children = (
				ABC1E9F2295782A6009CCEE2 /* LoginController.swift */,
				ABC1E9F3295782A7009CCEE2 /* LoginViewModel.swift */,
			);
			path = Login;
			sourceTree = "<group>";
		};
		ABC1E9F6295799D9009CCEE2 /* User Details */ = {
			isa = PBXGroup;
			children = (
				ABC1E9F729579A08009CCEE2 /* UserDetailsController.swift */,
				ABDA6C18295879EA00B8F1C8 /* SwipingPhotosController.swift */,
				ABDA6C1B2958A33D00B8F1C8 /* PhotoController.swift */,
			);
			path = "User Details";
			sourceTree = "<group>";
		};
		E7DA7B9CD77E544EF0F1C88A /* Frameworks */ = {
			isa = PBXGroup;
			children = (
				3BAE78E2E74116F99D8AD18A /* Pods_TinderApp.framework */,
			);
			name = Frameworks;
			sourceTree = "<group>";
		};
/* End PBXGroup section */

/* Begin PBXNativeTarget section */
		AB68CC912953236800AE188B /* TinderApp */ = {
			isa = PBXNativeTarget;
			buildConfigurationList = AB68CCA62953236900AE188B /* Build configuration list for PBXNativeTarget "TinderApp" */;
			buildPhases = (
				AB3B08EE29584E8D00E6B051 /* ShellScript */,
				1DFDE622A85D09C7F931C5F7 /* [CP] Check Pods Manifest.lock */,
				AB68CC8E2953236800AE188B /* Sources */,
				AB68CC8F2953236800AE188B /* Frameworks */,
				AB68CC902953236800AE188B /* Resources */,
				46CE2C43138F335C0AE80B14 /* [CP] Embed Pods Frameworks */,
			);
			buildRules = (
			);
			dependencies = (
			);
			name = TinderApp;
			productName = TinderApp;
			productReference = AB68CC922953236800AE188B /* TinderApp.app */;
			productType = "com.apple.product-type.application";
		};
/* End PBXNativeTarget section */

/* Begin PBXProject section */
		AB68CC8A2953236800AE188B /* Project object */ = {
			isa = PBXProject;
			attributes = {
				BuildIndependentTargetsInParallel = 1;
				LastSwiftUpdateCheck = 1420;
				LastUpgradeCheck = 1420;
				TargetAttributes = {
					AB68CC912953236800AE188B = {
						CreatedOnToolsVersion = 14.2;
					};
				};
			};
			buildConfigurationList = AB68CC8D2953236800AE188B /* Build configuration list for PBXProject "TinderApp" */;
			compatibilityVersion = "Xcode 14.0";
			developmentRegion = en;
			hasScannedForEncodings = 0;
			knownRegions = (
				en,
				Base,
			);
			mainGroup = AB68CC892953236800AE188B;
			productRefGroup = AB68CC932953236800AE188B /* Products */;
			projectDirPath = "";
			projectRoot = "";
			targets = (
				AB68CC912953236800AE188B /* TinderApp */,
			);
		};
/* End PBXProject section */

/* Begin PBXResourcesBuildPhase section */
		AB68CC902953236800AE188B /* Resources */ = {
			isa = PBXResourcesBuildPhase;
			buildActionMask = 2147483647;
			files = (
				AB68CCA22953236900AE188B /* LaunchScreen.storyboard in Resources */,
				AB68CC9F2953236900AE188B /* Assets.xcassets in Resources */,
				AB68CC9D2953236800AE188B /* Main.storyboard in Resources */,
				AB8E70022955E38B0052BEA8 /* GoogleService-Info.plist in Resources */,
			);
			runOnlyForDeploymentPostprocessing = 0;
		};
/* End PBXResourcesBuildPhase section */

/* Begin PBXShellScriptBuildPhase section */
		1DFDE622A85D09C7F931C5F7 /* [CP] Check Pods Manifest.lock */ = {
			isa = PBXShellScriptBuildPhase;
			buildActionMask = 2147483647;
			files = (
			);
			inputFileListPaths = (
			);
			inputPaths = (
				"${PODS_PODFILE_DIR_PATH}/Podfile.lock",
				"${PODS_ROOT}/Manifest.lock",
			);
			name = "[CP] Check Pods Manifest.lock";
			outputFileListPaths = (
			);
			outputPaths = (
				"$(DERIVED_FILE_DIR)/Pods-TinderApp-checkManifestLockResult.txt",
			);
			runOnlyForDeploymentPostprocessing = 0;
			shellPath = /bin/sh;
			shellScript = "diff \"${PODS_PODFILE_DIR_PATH}/Podfile.lock\" \"${PODS_ROOT}/Manifest.lock\" > /dev/null\nif [ $? != 0 ] ; then\n    # print error to STDERR\n    echo \"error: The sandbox is not in sync with the Podfile.lock. Run 'pod install' or update your CocoaPods installation.\" >&2\n    exit 1\nfi\n# This output is used by Xcode 'outputs' to avoid re-running this script phase.\necho \"SUCCESS\" > \"${SCRIPT_OUTPUT_FILE_0}\"\n";
			showEnvVarsInLog = 0;
		};
		46CE2C43138F335C0AE80B14 /* [CP] Embed Pods Frameworks */ = {
			isa = PBXShellScriptBuildPhase;
			buildActionMask = 2147483647;
			files = (
			);
			inputFileListPaths = (
				"${PODS_ROOT}/Target Support Files/Pods-TinderApp/Pods-TinderApp-frameworks-${CONFIGURATION}-input-files.xcfilelist",
			);
			name = "[CP] Embed Pods Frameworks";
			outputFileListPaths = (
				"${PODS_ROOT}/Target Support Files/Pods-TinderApp/Pods-TinderApp-frameworks-${CONFIGURATION}-output-files.xcfilelist",
			);
			runOnlyForDeploymentPostprocessing = 0;
			shellPath = /bin/sh;
			shellScript = "\"${PODS_ROOT}/Target Support Files/Pods-TinderApp/Pods-TinderApp-frameworks.sh\"\n";
			showEnvVarsInLog = 0;
		};
		AB3B08EE29584E8D00E6B051 /* ShellScript */ = {
			isa = PBXShellScriptBuildPhase;
			alwaysOutOfDate = 1;
			buildActionMask = 2147483647;
			files = (
			);
			inputFileListPaths = (
			);
			inputPaths = (
			);
			outputFileListPaths = (
			);
			outputPaths = (
			);
			runOnlyForDeploymentPostprocessing = 0;
			shellPath = /bin/sh;
			shellScript = "${PODS_ROOT}/SwiftLint/swiftlint\n";
		};
/* End PBXShellScriptBuildPhase section */

/* Begin PBXSourcesBuildPhase section */
		AB68CC8E2953236800AE188B /* Sources */ = {
			isa = PBXSourcesBuildPhase;
			buildActionMask = 2147483647;
			files = (
				ABC1E9F4295782A7009CCEE2 /* LoginController.swift in Sources */,
				ABDA6C1C2958A33D00B8F1C8 /* PhotoController.swift in Sources */,
				ABC1E9F029575ABE009CCEE2 /* Firebase+Utils.swift in Sources */,
				ABE24B14295664540079D7CC /* SettingsController.swift in Sources */,
				AB6D04962959B00500949225 /* SendMessageButton.swift in Sources */,
				AB68CCBC2953716500AE188B /* Advertiser.swift in Sources */,
				AB68CCB329533B2D00AE188B /* CardView.swift in Sources */,
				AB68CC9A2953236800AE188B /* HomeController.swift in Sources */,
				AB68CC962953236800AE188B /* AppDelegate.swift in Sources */,
				ABC1E9F829579A08009CCEE2 /* UserDetailsController.swift in Sources */,
				ABC1E9EE295735E4009CCEE2 /* AgeRangeCell.swift in Sources */,
				AB6D049429599A4100949225 /* MatchView.swift in Sources */,
				ABC1E9F5295782A7009CCEE2 /* LoginViewModel.swift in Sources */,
				AB68CCAF29532ED200AE188B /* HomeBottomControlsStackView.swift in Sources */,
				AB68CCB629535D9700AE188B /* User.swift in Sources */,
				AB64BE842954F46B00D6BE86 /* RegistrationController.swift in Sources */,
				AB68CCB12953334400AE188B /* TopNavigationStackView.swift in Sources */,
				ABE24B122955F64C0079D7CC /* Bindable.swift in Sources */,
				AB64BE862954FAD600D6BE86 /* CustomTextField.swift in Sources */,
				ABF93A002955CA4E009D8BED /* RegistrationViewModel.swift in Sources */,
				AB68CCAC2953260B00AE188B /* Extensions+UIView.swift in Sources */,
				AB68CC982953236800AE188B /* SceneDelegate.swift in Sources */,
				AB6D04982959B37200949225 /* KeepSwipingButton.swift in Sources */,
				AB565DDF2957073A002668CA /* SettingsCell.swift in Sources */,
				ABDA6C19295879EA00B8F1C8 /* SwipingPhotosController.swift in Sources */,
				AB68CCBA295367BB00AE188B /* CardViewModel.swift in Sources */,
			);
			runOnlyForDeploymentPostprocessing = 0;
		};
/* End PBXSourcesBuildPhase section */

/* Begin PBXVariantGroup section */
		AB68CC9B2953236800AE188B /* Main.storyboard */ = {
			isa = PBXVariantGroup;
			children = (
				AB68CC9C2953236800AE188B /* Base */,
			);
			name = Main.storyboard;
			sourceTree = "<group>";
		};
		AB68CCA02953236900AE188B /* LaunchScreen.storyboard */ = {
			isa = PBXVariantGroup;
			children = (
				AB68CCA12953236900AE188B /* Base */,
			);
			name = LaunchScreen.storyboard;
			sourceTree = "<group>";
		};
/* End PBXVariantGroup section */

/* Begin XCBuildConfiguration section */
		AB68CCA42953236900AE188B /* Debug */ = {
			isa = XCBuildConfiguration;
			baseConfigurationReference = E2560BF847434B8583BAA38D /* Pods-TinderApp.debug.xcconfig */;
			buildSettings = {
				ALWAYS_SEARCH_USER_PATHS = NO;
				CLANG_ANALYZER_NONNULL = YES;
				CLANG_ANALYZER_NUMBER_OBJECT_CONVERSION = YES_AGGRESSIVE;
				CLANG_CXX_LANGUAGE_STANDARD = "gnu++20";
				CLANG_ENABLE_MODULES = YES;
				CLANG_ENABLE_OBJC_ARC = YES;
				CLANG_ENABLE_OBJC_WEAK = YES;
				CLANG_WARN_BLOCK_CAPTURE_AUTORELEASING = YES;
				CLANG_WARN_BOOL_CONVERSION = YES;
				CLANG_WARN_COMMA = YES;
				CLANG_WARN_CONSTANT_CONVERSION = YES;
				CLANG_WARN_DEPRECATED_OBJC_IMPLEMENTATIONS = YES;
				CLANG_WARN_DIRECT_OBJC_ISA_USAGE = YES_ERROR;
				CLANG_WARN_DOCUMENTATION_COMMENTS = YES;
				CLANG_WARN_EMPTY_BODY = YES;
				CLANG_WARN_ENUM_CONVERSION = YES;
				CLANG_WARN_INFINITE_RECURSION = YES;
				CLANG_WARN_INT_CONVERSION = YES;
				CLANG_WARN_NON_LITERAL_NULL_CONVERSION = YES;
				CLANG_WARN_OBJC_IMPLICIT_RETAIN_SELF = YES;
				CLANG_WARN_OBJC_LITERAL_CONVERSION = YES;
				CLANG_WARN_OBJC_ROOT_CLASS = YES_ERROR;
				CLANG_WARN_QUOTED_INCLUDE_IN_FRAMEWORK_HEADER = YES;
				CLANG_WARN_RANGE_LOOP_ANALYSIS = YES;
				CLANG_WARN_STRICT_PROTOTYPES = YES;
				CLANG_WARN_SUSPICIOUS_MOVE = YES;
				CLANG_WARN_UNGUARDED_AVAILABILITY = YES_AGGRESSIVE;
				CLANG_WARN_UNREACHABLE_CODE = YES;
				CLANG_WARN__DUPLICATE_METHOD_MATCH = YES;
				COPY_PHASE_STRIP = NO;
				DEBUG_INFORMATION_FORMAT = dwarf;
				ENABLE_STRICT_OBJC_MSGSEND = YES;
				ENABLE_TESTABILITY = YES;
				GCC_C_LANGUAGE_STANDARD = gnu11;
				GCC_DYNAMIC_NO_PIC = NO;
				GCC_NO_COMMON_BLOCKS = YES;
				GCC_OPTIMIZATION_LEVEL = 0;
				GCC_PREPROCESSOR_DEFINITIONS = (
					"DEBUG=1",
					"$(inherited)",
				);
				GCC_WARN_64_TO_32_BIT_CONVERSION = YES;
				GCC_WARN_ABOUT_RETURN_TYPE = YES_ERROR;
				GCC_WARN_UNDECLARED_SELECTOR = YES;
				GCC_WARN_UNINITIALIZED_AUTOS = YES_AGGRESSIVE;
				GCC_WARN_UNUSED_FUNCTION = YES;
				GCC_WARN_UNUSED_VARIABLE = YES;
				IPHONEOS_DEPLOYMENT_TARGET = 16.2;
				MTL_ENABLE_DEBUG_INFO = INCLUDE_SOURCE;
				MTL_FAST_MATH = YES;
				ONLY_ACTIVE_ARCH = YES;
				SDKROOT = iphoneos;
				SWIFT_ACTIVE_COMPILATION_CONDITIONS = DEBUG;
				SWIFT_OPTIMIZATION_LEVEL = "-Onone";
			};
			name = Debug;
		};
		AB68CCA52953236900AE188B /* Release */ = {
			isa = XCBuildConfiguration;
			buildSettings = {
				ALWAYS_SEARCH_USER_PATHS = NO;
				CLANG_ANALYZER_NONNULL = YES;
				CLANG_ANALYZER_NUMBER_OBJECT_CONVERSION = YES_AGGRESSIVE;
				CLANG_CXX_LANGUAGE_STANDARD = "gnu++20";
				CLANG_ENABLE_MODULES = YES;
				CLANG_ENABLE_OBJC_ARC = YES;
				CLANG_ENABLE_OBJC_WEAK = YES;
				CLANG_WARN_BLOCK_CAPTURE_AUTORELEASING = YES;
				CLANG_WARN_BOOL_CONVERSION = YES;
				CLANG_WARN_COMMA = YES;
				CLANG_WARN_CONSTANT_CONVERSION = YES;
				CLANG_WARN_DEPRECATED_OBJC_IMPLEMENTATIONS = YES;
				CLANG_WARN_DIRECT_OBJC_ISA_USAGE = YES_ERROR;
				CLANG_WARN_DOCUMENTATION_COMMENTS = YES;
				CLANG_WARN_EMPTY_BODY = YES;
				CLANG_WARN_ENUM_CONVERSION = YES;
				CLANG_WARN_INFINITE_RECURSION = YES;
				CLANG_WARN_INT_CONVERSION = YES;
				CLANG_WARN_NON_LITERAL_NULL_CONVERSION = YES;
				CLANG_WARN_OBJC_IMPLICIT_RETAIN_SELF = YES;
				CLANG_WARN_OBJC_LITERAL_CONVERSION = YES;
				CLANG_WARN_OBJC_ROOT_CLASS = YES_ERROR;
				CLANG_WARN_QUOTED_INCLUDE_IN_FRAMEWORK_HEADER = YES;
				CLANG_WARN_RANGE_LOOP_ANALYSIS = YES;
				CLANG_WARN_STRICT_PROTOTYPES = YES;
				CLANG_WARN_SUSPICIOUS_MOVE = YES;
				CLANG_WARN_UNGUARDED_AVAILABILITY = YES_AGGRESSIVE;
				CLANG_WARN_UNREACHABLE_CODE = YES;
				CLANG_WARN__DUPLICATE_METHOD_MATCH = YES;
				COPY_PHASE_STRIP = NO;
				DEBUG_INFORMATION_FORMAT = "dwarf-with-dsym";
				ENABLE_NS_ASSERTIONS = NO;
				ENABLE_STRICT_OBJC_MSGSEND = YES;
				GCC_C_LANGUAGE_STANDARD = gnu11;
				GCC_NO_COMMON_BLOCKS = YES;
				GCC_WARN_64_TO_32_BIT_CONVERSION = YES;
				GCC_WARN_ABOUT_RETURN_TYPE = YES_ERROR;
				GCC_WARN_UNDECLARED_SELECTOR = YES;
				GCC_WARN_UNINITIALIZED_AUTOS = YES_AGGRESSIVE;
				GCC_WARN_UNUSED_FUNCTION = YES;
				GCC_WARN_UNUSED_VARIABLE = YES;
				IPHONEOS_DEPLOYMENT_TARGET = 16.2;
				MTL_ENABLE_DEBUG_INFO = NO;
				MTL_FAST_MATH = YES;
				ONLY_ACTIVE_ARCH = YES;
				SDKROOT = iphoneos;
				SWIFT_COMPILATION_MODE = wholemodule;
				SWIFT_OPTIMIZATION_LEVEL = "-O";
				VALIDATE_PRODUCT = YES;
			};
			name = Release;
		};
		AB68CCA72953236900AE188B /* Debug */ = {
			isa = XCBuildConfiguration;
			baseConfigurationReference = E2560BF847434B8583BAA38D /* Pods-TinderApp.debug.xcconfig */;
			buildSettings = {
				ASSETCATALOG_COMPILER_APPICON_NAME = AppIcon;
				ASSETCATALOG_COMPILER_GLOBAL_ACCENT_COLOR_NAME = AccentColor;
				CODE_SIGN_STYLE = Automatic;
				CURRENT_PROJECT_VERSION = 1;
				DEVELOPMENT_TEAM = V544T4J767;
				GENERATE_INFOPLIST_FILE = YES;
				INFOPLIST_FILE = TinderApp/Info.plist;
				INFOPLIST_KEY_UIApplicationSupportsIndirectInputEvents = YES;
				INFOPLIST_KEY_UILaunchStoryboardName = LaunchScreen;
				INFOPLIST_KEY_UIMainStoryboardFile = Main;
				INFOPLIST_KEY_UISupportedInterfaceOrientations_iPad = "UIInterfaceOrientationPortrait UIInterfaceOrientationPortraitUpsideDown UIInterfaceOrientationLandscapeLeft UIInterfaceOrientationLandscapeRight";
				INFOPLIST_KEY_UISupportedInterfaceOrientations_iPhone = "UIInterfaceOrientationPortrait UIInterfaceOrientationLandscapeLeft UIInterfaceOrientationLandscapeRight";
				IPHONEOS_DEPLOYMENT_TARGET = 16.0;
				LD_RUNPATH_SEARCH_PATHS = (
					"$(inherited)",
					"@executable_path/Frameworks",
				);
				MARKETING_VERSION = 1.0;
				ONLY_ACTIVE_ARCH = YES;
				PRODUCT_BUNDLE_IDENTIFIER = com.AK.SwipeApp;
				PRODUCT_NAME = "$(TARGET_NAME)";
				SWIFT_EMIT_LOC_STRINGS = YES;
				SWIFT_VERSION = 5.0;
				TARGETED_DEVICE_FAMILY = "1,2";
			};
			name = Debug;
		};
		AB68CCA82953236900AE188B /* Release */ = {
			isa = XCBuildConfiguration;
			baseConfigurationReference = 8A3E9108A5D38A6C1F4F8EDE /* Pods-TinderApp.release.xcconfig */;
			buildSettings = {
				ASSETCATALOG_COMPILER_APPICON_NAME = AppIcon;
				ASSETCATALOG_COMPILER_GLOBAL_ACCENT_COLOR_NAME = AccentColor;
				CODE_SIGN_STYLE = Automatic;
				CURRENT_PROJECT_VERSION = 1;
				DEVELOPMENT_TEAM = V544T4J767;
				GENERATE_INFOPLIST_FILE = YES;
				INFOPLIST_FILE = TinderApp/Info.plist;
				INFOPLIST_KEY_UIApplicationSupportsIndirectInputEvents = YES;
				INFOPLIST_KEY_UILaunchStoryboardName = LaunchScreen;
				INFOPLIST_KEY_UIMainStoryboardFile = Main;
				INFOPLIST_KEY_UISupportedInterfaceOrientations_iPad = "UIInterfaceOrientationPortrait UIInterfaceOrientationPortraitUpsideDown UIInterfaceOrientationLandscapeLeft UIInterfaceOrientationLandscapeRight";
				INFOPLIST_KEY_UISupportedInterfaceOrientations_iPhone = "UIInterfaceOrientationPortrait UIInterfaceOrientationLandscapeLeft UIInterfaceOrientationLandscapeRight";
				IPHONEOS_DEPLOYMENT_TARGET = 16.0;
				LD_RUNPATH_SEARCH_PATHS = (
					"$(inherited)",
					"@executable_path/Frameworks",
				);
				MARKETING_VERSION = 1.0;
				ONLY_ACTIVE_ARCH = YES;
				PRODUCT_BUNDLE_IDENTIFIER = com.AK.SwipeApp;
				PRODUCT_NAME = "$(TARGET_NAME)";
				SWIFT_EMIT_LOC_STRINGS = YES;
				SWIFT_VERSION = 5.0;
				TARGETED_DEVICE_FAMILY = "1,2";
			};
			name = Release;
		};
/* End XCBuildConfiguration section */

/* Begin XCConfigurationList section */
		AB68CC8D2953236800AE188B /* Build configuration list for PBXProject "TinderApp" */ = {
			isa = XCConfigurationList;
			buildConfigurations = (
				AB68CCA42953236900AE188B /* Debug */,
				AB68CCA52953236900AE188B /* Release */,
			);
			defaultConfigurationIsVisible = 0;
			defaultConfigurationName = Debug;
		};
		AB68CCA62953236900AE188B /* Build configuration list for PBXNativeTarget "TinderApp" */ = {
			isa = XCConfigurationList;
			buildConfigurations = (
				AB68CCA72953236900AE188B /* Debug */,
				AB68CCA82953236900AE188B /* Release */,
			);
			defaultConfigurationIsVisible = 0;
			defaultConfigurationName = Debug;
		};
/* End XCConfigurationList section */
	};
	rootObject = AB68CC8A2953236800AE188B /* Project object */;
}
