// !$*UTF8*$!
{
	archiveVersion = 1;
	classes = {
	};
	objectVersion = 56;
	objects = {

/* Begin PBXBuildFile section */
		AB68CC962953236800AE188B /* AppDelegate.swift in Sources */ = {isa = PBXBuildFile; fileRef = AB68CC952953236800AE188B /* AppDelegate.swift */; };
		AB68CC982953236800AE188B /* SceneDelegate.swift in Sources */ = {isa = PBXBuildFile; fileRef = AB68CC972953236800AE188B /* SceneDelegate.swift */; };
		AB68CC9A2953236800AE188B /* HomeController.swift in Sources */ = {isa = PBXBuildFile; fileRef = AB68CC992953236800AE188B /* HomeController.swift */; };
		AB68CC9D2953236800AE188B /* Main.storyboard in Resources */ = {isa = PBXBuildFile; fileRef = AB68CC9B2953236800AE188B /* Main.storyboard */; };
		AB68CC9F2953236900AE188B /* Assets.xcassets in Resources */ = {isa = PBXBuildFile; fileRef = AB68CC9E2953236900AE188B /* Assets.xcassets */; };
		AB68CCA22953236900AE188B /* LaunchScreen.storyboard in Resources */ = {isa = PBXBuildFile; fileRef = AB68CCA02953236900AE188B /* LaunchScreen.storyboard */; };
		AB68CCAC2953260B00AE188B /* Extensions+UIView.swift in Sources */ = {isa = PBXBuildFile; fileRef = AB68CCAB2953260B00AE188B /* Extensions+UIView.swift */; };
		AB68CCAF29532ED200AE188B /* HomeBottomControlsStackView.swift in Sources */ = {isa = PBXBuildFile; fileRef = AB68CCAE29532ED200AE188B /* HomeBottomControlsStackView.swift */; };
		AB68CCB12953334400AE188B /* TopNavigationStackView.swift in Sources */ = {isa = PBXBuildFile; fileRef = AB68CCB02953334400AE188B /* TopNavigationStackView.swift */; };
		AB68CCB329533B2D00AE188B /* CardView.swift in Sources */ = {isa = PBXBuildFile; fileRef = AB68CCB229533B2D00AE188B /* CardView.swift */; };
		AB68CCB629535D9700AE188B /* User.swift in Sources */ = {isa = PBXBuildFile; fileRef = AB68CCB529535D9700AE188B /* User.swift */; };
		AB68CCBA295367BB00AE188B /* CardViewModel.swift in Sources */ = {isa = PBXBuildFile; fileRef = AB68CCB9295367BB00AE188B /* CardViewModel.swift */; };
		AB68CCBC2953716500AE188B /* Advertiser.swift in Sources */ = {isa = PBXBuildFile; fileRef = AB68CCBB2953716500AE188B /* Advertiser.swift */; };
/* End PBXBuildFile section */

/* Begin PBXFileReference section */
		AB68CC922953236800AE188B /* TinderApp.app */ = {isa = PBXFileReference; explicitFileType = wrapper.application; includeInIndex = 0; path = TinderApp.app; sourceTree = BUILT_PRODUCTS_DIR; };
		AB68CC952953236800AE188B /* AppDelegate.swift */ = {isa = PBXFileReference; lastKnownFileType = sourcecode.swift; path = AppDelegate.swift; sourceTree = "<group>"; };
		AB68CC972953236800AE188B /* SceneDelegate.swift */ = {isa = PBXFileReference; lastKnownFileType = sourcecode.swift; path = SceneDelegate.swift; sourceTree = "<group>"; };
		AB68CC992953236800AE188B /* HomeController.swift */ = {isa = PBXFileReference; lastKnownFileType = sourcecode.swift; path = HomeController.swift; sourceTree = "<group>"; };
		AB68CC9C2953236800AE188B /* Base */ = {isa = PBXFileReference; lastKnownFileType = file.storyboard; name = Base; path = Base.lproj/Main.storyboard; sourceTree = "<group>"; };
		AB68CC9E2953236900AE188B /* Assets.xcassets */ = {isa = PBXFileReference; lastKnownFileType = folder.assetcatalog; path = Assets.xcassets; sourceTree = "<group>"; };
		AB68CCA12953236900AE188B /* Base */ = {isa = PBXFileReference; lastKnownFileType = file.storyboard; name = Base; path = Base.lproj/LaunchScreen.storyboard; sourceTree = "<group>"; };
		AB68CCA32953236900AE188B /* Info.plist */ = {isa = PBXFileReference; lastKnownFileType = text.plist.xml; path = Info.plist; sourceTree = "<group>"; };
		AB68CCAB2953260B00AE188B /* Extensions+UIView.swift */ = {isa = PBXFileReference; fileEncoding = 4; lastKnownFileType = sourcecode.swift; path = "Extensions+UIView.swift"; sourceTree = "<group>"; };
		AB68CCAE29532ED200AE188B /* HomeBottomControlsStackView.swift */ = {isa = PBXFileReference; lastKnownFileType = sourcecode.swift; path = HomeBottomControlsStackView.swift; sourceTree = "<group>"; };
		AB68CCB02953334400AE188B /* TopNavigationStackView.swift */ = {isa = PBXFileReference; lastKnownFileType = sourcecode.swift; path = TopNavigationStackView.swift; sourceTree = "<group>"; };
		AB68CCB229533B2D00AE188B /* CardView.swift */ = {isa = PBXFileReference; lastKnownFileType = sourcecode.swift; path = CardView.swift; sourceTree = "<group>"; };
		AB68CCB529535D9700AE188B /* User.swift */ = {isa = PBXFileReference; lastKnownFileType = sourcecode.swift; path = User.swift; sourceTree = "<group>"; };
		AB68CCB9295367BB00AE188B /* CardViewModel.swift */ = {isa = PBXFileReference; lastKnownFileType = sourcecode.swift; path = CardViewModel.swift; sourceTree = "<group>"; };
		AB68CCBB2953716500AE188B /* Advertiser.swift */ = {isa = PBXFileReference; lastKnownFileType = sourcecode.swift; path = Advertiser.swift; sourceTree = "<group>"; };
/* End PBXFileReference section */

/* Begin PBXFrameworksBuildPhase section */
		AB68CC8F2953236800AE188B /* Frameworks */ = {
			isa = PBXFrameworksBuildPhase;
			buildActionMask = 2147483647;
			files = (
			);
			runOnlyForDeploymentPostprocessing = 0;
		};
/* End PBXFrameworksBuildPhase section */

/* Begin PBXGroup section */
		AB68CC892953236800AE188B = {
			isa = PBXGroup;
			children = (
				AB68CC942953236800AE188B /* TinderApp */,
				AB68CC932953236800AE188B /* Products */,
			);
			sourceTree = "<group>";
		};
		AB68CC932953236800AE188B /* Products */ = {
			isa = PBXGroup;
			children = (
				AB68CC922953236800AE188B /* TinderApp.app */,
			);
			name = Products;
			sourceTree = "<group>";
		};
		AB68CC942953236800AE188B /* TinderApp */ = {
			isa = PBXGroup;
			children = (
				AB68CCB8295367AF00AE188B /* ViewModels */,
				AB68CCB429535D8A00AE188B /* Model */,
				AB68CCAD29532EA800AE188B /* Views */,
				AB68CCB72953671600AE188B /* Controllers */,
				AB68CCAA2953260B00AE188B /* Extensions */,
				AB68CC952953236800AE188B /* AppDelegate.swift */,
				AB68CC972953236800AE188B /* SceneDelegate.swift */,
				AB68CC9B2953236800AE188B /* Main.storyboard */,
				AB68CC9E2953236900AE188B /* Assets.xcassets */,
				AB68CCA02953236900AE188B /* LaunchScreen.storyboard */,
				AB68CCA32953236900AE188B /* Info.plist */,
			);
			path = TinderApp;
			sourceTree = "<group>";
		};
		AB68CCAA2953260B00AE188B /* Extensions */ = {
			isa = PBXGroup;
			children = (
				AB68CCAB2953260B00AE188B /* Extensions+UIView.swift */,
			);
			path = Extensions;
			sourceTree = "<group>";
		};
		AB68CCAD29532EA800AE188B /* Views */ = {
			isa = PBXGroup;
			children = (
				AB68CCB02953334400AE188B /* TopNavigationStackView.swift */,
				AB68CCAE29532ED200AE188B /* HomeBottomControlsStackView.swift */,
				AB68CCB229533B2D00AE188B /* CardView.swift */,
			);
			path = Views;
			sourceTree = "<group>";
		};
		AB68CCB429535D8A00AE188B /* Model */ = {
			isa = PBXGroup;
			children = (
				AB68CCB529535D9700AE188B /* User.swift */,
				AB68CCBB2953716500AE188B /* Advertiser.swift */,
			);
			path = Model;
			sourceTree = "<group>";
		};
		AB68CCB72953671600AE188B /* Controllers */ = {
			isa = PBXGroup;
			children = (
				AB68CC992953236800AE188B /* HomeController.swift */,
			);
			path = Controllers;
			sourceTree = "<group>";
		};
		AB68CCB8295367AF00AE188B /* ViewModels */ = {
			isa = PBXGroup;
			children = (
				AB68CCB9295367BB00AE188B /* CardViewModel.swift */,
			);
			path = ViewModels;
			sourceTree = "<group>";
		};
/* End PBXGroup section */

/* Begin PBXNativeTarget section */
		AB68CC912953236800AE188B /* TinderApp */ = {
			isa = PBXNativeTarget;
			buildConfigurationList = AB68CCA62953236900AE188B /* Build configuration list for PBXNativeTarget "TinderApp" */;
			buildPhases = (
				AB68CC8E2953236800AE188B /* Sources */,
				AB68CC8F2953236800AE188B /* Frameworks */,
				AB68CC902953236800AE188B /* Resources */,
			);
			buildRules = (
			);
			dependencies = (
			);
			name = TinderApp;
			productName = TinderApp;
			productReference = AB68CC922953236800AE188B /* TinderApp.app */;
			productType = "com.apple.product-type.application";
		};
/* End PBXNativeTarget section */

/* Begin PBXProject section */
		AB68CC8A2953236800AE188B /* Project object */ = {
			isa = PBXProject;
			attributes = {
				BuildIndependentTargetsInParallel = 1;
				LastSwiftUpdateCheck = 1420;
				LastUpgradeCheck = 1420;
				TargetAttributes = {
					AB68CC912953236800AE188B = {
						CreatedOnToolsVersion = 14.2;
					};
				};
			};
			buildConfigurationList = AB68CC8D2953236800AE188B /* Build configuration list for PBXProject "TinderApp" */;
			compatibilityVersion = "Xcode 14.0";
			developmentRegion = en;
			hasScannedForEncodings = 0;
			knownRegions = (
				en,
				Base,
			);
			mainGroup = AB68CC892953236800AE188B;
			productRefGroup = AB68CC932953236800AE188B /* Products */;
			projectDirPath = "";
			projectRoot = "";
			targets = (
				AB68CC912953236800AE188B /* TinderApp */,
			);
		};
/* End PBXProject section */

/* Begin PBXResourcesBuildPhase section */
		AB68CC902953236800AE188B /* Resources */ = {
			isa = PBXResourcesBuildPhase;
			buildActionMask = 2147483647;
			files = (
				AB68CCA22953236900AE188B /* LaunchScreen.storyboard in Resources */,
				AB68CC9F2953236900AE188B /* Assets.xcassets in Resources */,
				AB68CC9D2953236800AE188B /* Main.storyboard in Resources */,
			);
			runOnlyForDeploymentPostprocessing = 0;
		};
/* End PBXResourcesBuildPhase section */

/* Begin PBXSourcesBuildPhase section */
		AB68CC8E2953236800AE188B /* Sources */ = {
			isa = PBXSourcesBuildPhase;
			buildActionMask = 2147483647;
			files = (
				AB68CCBC2953716500AE188B /* Advertiser.swift in Sources */,
				AB68CCB329533B2D00AE188B /* CardView.swift in Sources */,
				AB68CC9A2953236800AE188B /* HomeController.swift in Sources */,
				AB68CC962953236800AE188B /* AppDelegate.swift in Sources */,
				AB68CCAF29532ED200AE188B /* HomeBottomControlsStackView.swift in Sources */,
				AB68CCB629535D9700AE188B /* User.swift in Sources */,
				AB68CCB12953334400AE188B /* TopNavigationStackView.swift in Sources */,
				AB68CCAC2953260B00AE188B /* Extensions+UIView.swift in Sources */,
				AB68CC982953236800AE188B /* SceneDelegate.swift in Sources */,
				AB68CCBA295367BB00AE188B /* CardViewModel.swift in Sources */,
			);
			runOnlyForDeploymentPostprocessing = 0;
		};
/* End PBXSourcesBuildPhase section */

/* Begin PBXVariantGroup section */
		AB68CC9B2953236800AE188B /* Main.storyboard */ = {
			isa = PBXVariantGroup;
			children = (
				AB68CC9C2953236800AE188B /* Base */,
			);
			name = Main.storyboard;
			sourceTree = "<group>";
		};
		AB68CCA02953236900AE188B /* LaunchScreen.storyboard */ = {
			isa = PBXVariantGroup;
			children = (
				AB68CCA12953236900AE188B /* Base */,
			);
			name = LaunchScreen.storyboard;
			sourceTree = "<group>";
		};
/* End PBXVariantGroup section */

/* Begin XCBuildConfiguration section */
		AB68CCA42953236900AE188B /* Debug */ = {
			isa = XCBuildConfiguration;
			buildSettings = {
				ALWAYS_SEARCH_USER_PATHS = NO;
				CLANG_ANALYZER_NONNULL = YES;
				CLANG_ANALYZER_NUMBER_OBJECT_CONVERSION = YES_AGGRESSIVE;
				CLANG_CXX_LANGUAGE_STANDARD = "gnu++20";
				CLANG_ENABLE_MODULES = YES;
				CLANG_ENABLE_OBJC_ARC = YES;
				CLANG_ENABLE_OBJC_WEAK = YES;
				CLANG_WARN_BLOCK_CAPTURE_AUTORELEASING = YES;
				CLANG_WARN_BOOL_CONVERSION = YES;
				CLANG_WARN_COMMA = YES;
				CLANG_WARN_CONSTANT_CONVERSION = YES;
				CLANG_WARN_DEPRECATED_OBJC_IMPLEMENTATIONS = YES;
				CLANG_WARN_DIRECT_OBJC_ISA_USAGE = YES_ERROR;
				CLANG_WARN_DOCUMENTATION_COMMENTS = YES;
				CLANG_WARN_EMPTY_BODY = YES;
				CLANG_WARN_ENUM_CONVERSION = YES;
				CLANG_WARN_INFINITE_RECURSION = YES;
				CLANG_WARN_INT_CONVERSION = YES;
				CLANG_WARN_NON_LITERAL_NULL_CONVERSION = YES;
				CLANG_WARN_OBJC_IMPLICIT_RETAIN_SELF = YES;
				CLANG_WARN_OBJC_LITERAL_CONVERSION = YES;
				CLANG_WARN_OBJC_ROOT_CLASS = YES_ERROR;
				CLANG_WARN_QUOTED_INCLUDE_IN_FRAMEWORK_HEADER = YES;
				CLANG_WARN_RANGE_LOOP_ANALYSIS = YES;
				CLANG_WARN_STRICT_PROTOTYPES = YES;
				CLANG_WARN_SUSPICIOUS_MOVE = YES;
				CLANG_WARN_UNGUARDED_AVAILABILITY = YES_AGGRESSIVE;
				CLANG_WARN_UNREACHABLE_CODE = YES;
				CLANG_WARN__DUPLICATE_METHOD_MATCH = YES;
				COPY_PHASE_STRIP = NO;
				DEBUG_INFORMATION_FORMAT = dwarf;
				ENABLE_STRICT_OBJC_MSGSEND = YES;
				ENABLE_TESTABILITY = YES;
				GCC_C_LANGUAGE_STANDARD = gnu11;
				GCC_DYNAMIC_NO_PIC = NO;
				GCC_NO_COMMON_BLOCKS = YES;
				GCC_OPTIMIZATION_LEVEL = 0;
				GCC_PREPROCESSOR_DEFINITIONS = (
					"DEBUG=1",
					"$(inherited)",
				);
				GCC_WARN_64_TO_32_BIT_CONVERSION = YES;
				GCC_WARN_ABOUT_RETURN_TYPE = YES_ERROR;
				GCC_WARN_UNDECLARED_SELECTOR = YES;
				GCC_WARN_UNINITIALIZED_AUTOS = YES_AGGRESSIVE;
				GCC_WARN_UNUSED_FUNCTION = YES;
				GCC_WARN_UNUSED_VARIABLE = YES;
				IPHONEOS_DEPLOYMENT_TARGET = 16.2;
				MTL_ENABLE_DEBUG_INFO = INCLUDE_SOURCE;
				MTL_FAST_MATH = YES;
				ONLY_ACTIVE_ARCH = YES;
				SDKROOT = iphoneos;
				SWIFT_ACTIVE_COMPILATION_CONDITIONS = DEBUG;
				SWIFT_OPTIMIZATION_LEVEL = "-Onone";
			};
			name = Debug;
		};
		AB68CCA52953236900AE188B /* Release */ = {
			isa = XCBuildConfiguration;
			buildSettings = {
				ALWAYS_SEARCH_USER_PATHS = NO;
				CLANG_ANALYZER_NONNULL = YES;
				CLANG_ANALYZER_NUMBER_OBJECT_CONVERSION = YES_AGGRESSIVE;
				CLANG_CXX_LANGUAGE_STANDARD = "gnu++20";
				CLANG_ENABLE_MODULES = YES;
				CLANG_ENABLE_OBJC_ARC = YES;
				CLANG_ENABLE_OBJC_WEAK = YES;
				CLANG_WARN_BLOCK_CAPTURE_AUTORELEASING = YES;
				CLANG_WARN_BOOL_CONVERSION = YES;
				CLANG_WARN_COMMA = YES;
				CLANG_WARN_CONSTANT_CONVERSION = YES;
				CLANG_WARN_DEPRECATED_OBJC_IMPLEMENTATIONS = YES;
				CLANG_WARN_DIRECT_OBJC_ISA_USAGE = YES_ERROR;
				CLANG_WARN_DOCUMENTATION_COMMENTS = YES;
				CLANG_WARN_EMPTY_BODY = YES;
				CLANG_WARN_ENUM_CONVERSION = YES;
				CLANG_WARN_INFINITE_RECURSION = YES;
				CLANG_WARN_INT_CONVERSION = YES;
				CLANG_WARN_NON_LITERAL_NULL_CONVERSION = YES;
				CLANG_WARN_OBJC_IMPLICIT_RETAIN_SELF = YES;
				CLANG_WARN_OBJC_LITERAL_CONVERSION = YES;
				CLANG_WARN_OBJC_ROOT_CLASS = YES_ERROR;
				CLANG_WARN_QUOTED_INCLUDE_IN_FRAMEWORK_HEADER = YES;
				CLANG_WARN_RANGE_LOOP_ANALYSIS = YES;
				CLANG_WARN_STRICT_PROTOTYPES = YES;
				CLANG_WARN_SUSPICIOUS_MOVE = YES;
				CLANG_WARN_UNGUARDED_AVAILABILITY = YES_AGGRESSIVE;
				CLANG_WARN_UNREACHABLE_CODE = YES;
				CLANG_WARN__DUPLICATE_METHOD_MATCH = YES;
				COPY_PHASE_STRIP = NO;
				DEBUG_INFORMATION_FORMAT = "dwarf-with-dsym";
				ENABLE_NS_ASSERTIONS = NO;
				ENABLE_STRICT_OBJC_MSGSEND = YES;
				GCC_C_LANGUAGE_STANDARD = gnu11;
				GCC_NO_COMMON_BLOCKS = YES;
				GCC_WARN_64_TO_32_BIT_CONVERSION = YES;
				GCC_WARN_ABOUT_RETURN_TYPE = YES_ERROR;
				GCC_WARN_UNDECLARED_SELECTOR = YES;
				GCC_WARN_UNINITIALIZED_AUTOS = YES_AGGRESSIVE;
				GCC_WARN_UNUSED_FUNCTION = YES;
				GCC_WARN_UNUSED_VARIABLE = YES;
				IPHONEOS_DEPLOYMENT_TARGET = 16.2;
				MTL_ENABLE_DEBUG_INFO = NO;
				MTL_FAST_MATH = YES;
				SDKROOT = iphoneos;
				SWIFT_COMPILATION_MODE = wholemodule;
				SWIFT_OPTIMIZATION_LEVEL = "-O";
				VALIDATE_PRODUCT = YES;
			};
			name = Release;
		};
		AB68CCA72953236900AE188B /* Debug */ = {
			isa = XCBuildConfiguration;
			buildSettings = {
				ASSETCATALOG_COMPILER_APPICON_NAME = AppIcon;
				ASSETCATALOG_COMPILER_GLOBAL_ACCENT_COLOR_NAME = AccentColor;
				CODE_SIGN_STYLE = Automatic;
				CURRENT_PROJECT_VERSION = 1;
				DEVELOPMENT_TEAM = V544T4J767;
				GENERATE_INFOPLIST_FILE = YES;
				INFOPLIST_FILE = TinderApp/Info.plist;
				INFOPLIST_KEY_UIApplicationSupportsIndirectInputEvents = YES;
				INFOPLIST_KEY_UILaunchStoryboardName = LaunchScreen;
				INFOPLIST_KEY_UIMainStoryboardFile = Main;
				INFOPLIST_KEY_UISupportedInterfaceOrientations_iPad = "UIInterfaceOrientationPortrait UIInterfaceOrientationPortraitUpsideDown UIInterfaceOrientationLandscapeLeft UIInterfaceOrientationLandscapeRight";
				INFOPLIST_KEY_UISupportedInterfaceOrientations_iPhone = "UIInterfaceOrientationPortrait UIInterfaceOrientationLandscapeLeft UIInterfaceOrientationLandscapeRight";
				LD_RUNPATH_SEARCH_PATHS = (
					"$(inherited)",
					"@executable_path/Frameworks",
				);
				MARKETING_VERSION = 1.0;
				PRODUCT_BUNDLE_IDENTIFIER = AK.TinderApp;
				PRODUCT_NAME = "$(TARGET_NAME)";
				SWIFT_EMIT_LOC_STRINGS = YES;
				SWIFT_VERSION = 5.0;
				TARGETED_DEVICE_FAMILY = "1,2";
			};
			name = Debug;
		};
		AB68CCA82953236900AE188B /* Release */ = {
			isa = XCBuildConfiguration;
			buildSettings = {
				ASSETCATALOG_COMPILER_APPICON_NAME = AppIcon;
				ASSETCATALOG_COMPILER_GLOBAL_ACCENT_COLOR_NAME = AccentColor;
				CODE_SIGN_STYLE = Automatic;
				CURRENT_PROJECT_VERSION = 1;
				DEVELOPMENT_TEAM = V544T4J767;
				GENERATE_INFOPLIST_FILE = YES;
				INFOPLIST_FILE = TinderApp/Info.plist;
				INFOPLIST_KEY_UIApplicationSupportsIndirectInputEvents = YES;
				INFOPLIST_KEY_UILaunchStoryboardName = LaunchScreen;
				INFOPLIST_KEY_UIMainStoryboardFile = Main;
				INFOPLIST_KEY_UISupportedInterfaceOrientations_iPad = "UIInterfaceOrientationPortrait UIInterfaceOrientationPortraitUpsideDown UIInterfaceOrientationLandscapeLeft UIInterfaceOrientationLandscapeRight";
				INFOPLIST_KEY_UISupportedInterfaceOrientations_iPhone = "UIInterfaceOrientationPortrait UIInterfaceOrientationLandscapeLeft UIInterfaceOrientationLandscapeRight";
				LD_RUNPATH_SEARCH_PATHS = (
					"$(inherited)",
					"@executable_path/Frameworks",
				);
				MARKETING_VERSION = 1.0;
				PRODUCT_BUNDLE_IDENTIFIER = AK.TinderApp;
				PRODUCT_NAME = "$(TARGET_NAME)";
				SWIFT_EMIT_LOC_STRINGS = YES;
				SWIFT_VERSION = 5.0;
				TARGETED_DEVICE_FAMILY = "1,2";
			};
			name = Release;
		};
/* End XCBuildConfiguration section */

/* Begin XCConfigurationList section */
		AB68CC8D2953236800AE188B /* Build configuration list for PBXProject "TinderApp" */ = {
			isa = XCConfigurationList;
			buildConfigurations = (
				AB68CCA42953236900AE188B /* Debug */,
				AB68CCA52953236900AE188B /* Release */,
			);
			defaultConfigurationIsVisible = 0;
			defaultConfigurationName = Release;
		};
		AB68CCA62953236900AE188B /* Build configuration list for PBXNativeTarget "TinderApp" */ = {
			isa = XCConfigurationList;
			buildConfigurations = (
				AB68CCA72953236900AE188B /* Debug */,
				AB68CCA82953236900AE188B /* Release */,
			);
			defaultConfigurationIsVisible = 0;
			defaultConfigurationName = Release;
		};
/* End XCConfigurationList section */
	};
	rootObject = AB68CC8A2953236800AE188B /* Project object */;
}
